
Microsoft Visual Studio Solution File, Format Version 12.00
# Visual Studio 2013
VisualStudioVersion = 12.0.40629.0
MinimumVisualStudioVersion = 10.0.40219.1
Project("{2150E333-8FDC-42A3-9474-1A3956D46DE8}") = "SolutionItems", "SolutionItems", "{D10F9A6F-42A9-47C3-B57B-1A4A4736DA4A}"
	ProjectSection(SolutionItems) = preProject
		FxCop.ruleset = FxCop.ruleset
		Settings.StyleCop = Settings.StyleCop
	EndProjectSection
EndProject
Project("{2150E333-8FDC-42A3-9474-1A3956D46DE8}") = "Tests", "Tests", "{BDA6FED0-6D31-47EF-BBFA-E587F0652812}"
EndProject
Project("{FAE04EC0-301F-11D3-BF4B-00C04F79EFBC}") = "BizVal.Services.Tests", "tests\BizVal.Services.Tests\BizVal.Services.Tests.csproj", "{765C6085-7E12-4009-9E58-BCE2D49E8D99}"
	ProjectSection(ProjectDependencies) = postProject
		{191EAC2A-9364-4E57-A3A7-386AEAC5CD43} = {191EAC2A-9364-4E57-A3A7-386AEAC5CD43}
		{795DA232-6083-48B6-9E49-17ED6A67E6AA} = {795DA232-6083-48B6-9E49-17ED6A67E6AA}
	EndProjectSection
EndProject
Project("{FAE04EC0-301F-11D3-BF4B-00C04F79EFBC}") = "BizVal", "src\BizVal\BizVal.csproj", "{795DA232-6083-48B6-9E49-17ED6A67E6AA}"
EndProject
Project("{FAE04EC0-301F-11D3-BF4B-00C04F79EFBC}") = "BizVal.App", "src\BizVal.App\BizVal.App.csproj", "{035055B3-EEF0-4D5A-8240-FE22F894F6BE}"
	ProjectSection(ProjectDependencies) = postProject
		{191EAC2A-9364-4E57-A3A7-386AEAC5CD43} = {191EAC2A-9364-4E57-A3A7-386AEAC5CD43}
	EndProjectSection
EndProject
Project("{FAE04EC0-301F-11D3-BF4B-00C04F79EFBC}") = "BizVal.Services", "src\BizVal.Services\BizVal.Services.csproj", "{191EAC2A-9364-4E57-A3A7-386AEAC5CD43}"
	ProjectSection(ProjectDependencies) = postProject
		{0659840A-E7FD-462B-B866-7DBF64841BC3} = {0659840A-E7FD-462B-B866-7DBF64841BC3}
	EndProjectSection
EndProject
Project("{2150E333-8FDC-42A3-9474-1A3956D46DE8}") = "Framework", "Framework", "{25C4F260-7271-442E-B567-5CC88DF8A672}"
EndProject
Project("{FAE04EC0-301F-11D3-BF4B-00C04F79EFBC}") = "BizVal.Framework", "src\BizVal.Framework\BizVal.Framework.csproj", "{0659840A-E7FD-462B-B866-7DBF64841BC3}"
EndProject
Project("{FAE04EC0-301F-11D3-BF4B-00C04F79EFBC}") = "BizVal.Tests", "tests\BizVal.Tests\BizVal.Tests.csproj", "{CD8449E7-5DFF-4B4B-9CC4-E42B880ACCF8}"
EndProject
Project("{6141683F-8A12-4E36-9623-2EB02B2C2303}") = "BizVal.Setup", "BizVal.Setup\BizVal.Setup.isproj", "{4CF5ECF2-439F-4538-818D-B6BCAE7652C7}"
	ProjectSection(ProjectDependencies) = postProject
		{035055B3-EEF0-4D5A-8240-FE22F894F6BE} = {035055B3-EEF0-4D5A-8240-FE22F894F6BE}
	EndProjectSection
EndProject
Global
	GlobalSection(SolutionConfigurationPlatforms) = preSolution
		CD_ROM|Any CPU = CD_ROM|Any CPU
		CD_ROM|Mixed Platforms = CD_ROM|Mixed Platforms
		CD_ROM|x86 = CD_ROM|x86
		Debug|Any CPU = Debug|Any CPU
		Debug|Mixed Platforms = Debug|Mixed Platforms
		Debug|x86 = Debug|x86
		DVD-5|Any CPU = DVD-5|Any CPU
		DVD-5|Mixed Platforms = DVD-5|Mixed Platforms
		DVD-5|x86 = DVD-5|x86
		Release|Any CPU = Release|Any CPU
		Release|Mixed Platforms = Release|Mixed Platforms
		Release|x86 = Release|x86
		SingleImage|Any CPU = SingleImage|Any CPU
		SingleImage|Mixed Platforms = SingleImage|Mixed Platforms
		SingleImage|x86 = SingleImage|x86
	EndGlobalSection
	GlobalSection(ProjectConfigurationPlatforms) = postSolution
		{765C6085-7E12-4009-9E58-BCE2D49E8D99}.CD_ROM|Any CPU.ActiveCfg = Release|Any CPU
		{765C6085-7E12-4009-9E58-BCE2D49E8D99}.CD_ROM|Any CPU.Build.0 = Release|Any CPU
		{765C6085-7E12-4009-9E58-BCE2D49E8D99}.CD_ROM|Mixed Platforms.ActiveCfg = Release|Any CPU
		{765C6085-7E12-4009-9E58-BCE2D49E8D99}.CD_ROM|Mixed Platforms.Build.0 = Release|Any CPU
		{765C6085-7E12-4009-9E58-BCE2D49E8D99}.CD_ROM|x86.ActiveCfg = Release|Any CPU
		{765C6085-7E12-4009-9E58-BCE2D49E8D99}.Debug|Any CPU.ActiveCfg = Debug|Any CPU
		{765C6085-7E12-4009-9E58-BCE2D49E8D99}.Debug|Any CPU.Build.0 = Debug|Any CPU
		{765C6085-7E12-4009-9E58-BCE2D49E8D99}.Debug|Mixed Platforms.ActiveCfg = Debug|Any CPU
		{765C6085-7E12-4009-9E58-BCE2D49E8D99}.Debug|x86.ActiveCfg = Debug|Any CPU
		{765C6085-7E12-4009-9E58-BCE2D49E8D99}.DVD-5|Any CPU.ActiveCfg = Debug|Any CPU
		{765C6085-7E12-4009-9E58-BCE2D49E8D99}.DVD-5|Any CPU.Build.0 = Debug|Any CPU
		{765C6085-7E12-4009-9E58-BCE2D49E8D99}.DVD-5|Mixed Platforms.ActiveCfg = Debug|Any CPU
		{765C6085-7E12-4009-9E58-BCE2D49E8D99}.DVD-5|Mixed Platforms.Build.0 = Debug|Any CPU
		{765C6085-7E12-4009-9E58-BCE2D49E8D99}.DVD-5|x86.ActiveCfg = Debug|Any CPU
		{765C6085-7E12-4009-9E58-BCE2D49E8D99}.Release|Any CPU.ActiveCfg = Release|Any CPU
		{765C6085-7E12-4009-9E58-BCE2D49E8D99}.Release|Any CPU.Build.0 = Release|Any CPU
		{765C6085-7E12-4009-9E58-BCE2D49E8D99}.Release|Mixed Platforms.ActiveCfg = Release|Any CPU
		{765C6085-7E12-4009-9E58-BCE2D49E8D99}.Release|x86.ActiveCfg = Release|Any CPU
		{765C6085-7E12-4009-9E58-BCE2D49E8D99}.SingleImage|Any CPU.ActiveCfg = Release|Any CPU
		{765C6085-7E12-4009-9E58-BCE2D49E8D99}.SingleImage|Any CPU.Build.0 = Release|Any CPU
		{765C6085-7E12-4009-9E58-BCE2D49E8D99}.SingleImage|Mixed Platforms.ActiveCfg = Release|Any CPU
		{765C6085-7E12-4009-9E58-BCE2D49E8D99}.SingleImage|Mixed Platforms.Build.0 = Release|Any CPU
		{765C6085-7E12-4009-9E58-BCE2D49E8D99}.SingleImage|x86.ActiveCfg = Release|Any CPU
		{795DA232-6083-48B6-9E49-17ED6A67E6AA}.CD_ROM|Any CPU.ActiveCfg = Release|Any CPU
		{795DA232-6083-48B6-9E49-17ED6A67E6AA}.CD_ROM|Any CPU.Build.0 = Release|Any CPU
		{795DA232-6083-48B6-9E49-17ED6A67E6AA}.CD_ROM|Mixed Platforms.ActiveCfg = Release|Any CPU
		{795DA232-6083-48B6-9E49-17ED6A67E6AA}.CD_ROM|Mixed Platforms.Build.0 = Release|Any CPU
		{795DA232-6083-48B6-9E49-17ED6A67E6AA}.CD_ROM|x86.ActiveCfg = Release|Any CPU
		{795DA232-6083-48B6-9E49-17ED6A67E6AA}.Debug|Any CPU.ActiveCfg = Debug|Any CPU
		{795DA232-6083-48B6-9E49-17ED6A67E6AA}.Debug|Any CPU.Build.0 = Debug|Any CPU
		{795DA232-6083-48B6-9E49-17ED6A67E6AA}.Debug|Mixed Platforms.ActiveCfg = Debug|Any CPU
		{795DA232-6083-48B6-9E49-17ED6A67E6AA}.Debug|x86.ActiveCfg = Debug|Any CPU
		{795DA232-6083-48B6-9E49-17ED6A67E6AA}.DVD-5|Any CPU.ActiveCfg = Debug|Any CPU
		{795DA232-6083-48B6-9E49-17ED6A67E6AA}.DVD-5|Any CPU.Build.0 = Debug|Any CPU
		{795DA232-6083-48B6-9E49-17ED6A67E6AA}.DVD-5|Mixed Platforms.ActiveCfg = Debug|Any CPU
		{795DA232-6083-48B6-9E49-17ED6A67E6AA}.DVD-5|Mixed Platforms.Build.0 = Debug|Any CPU
		{795DA232-6083-48B6-9E49-17ED6A67E6AA}.DVD-5|x86.ActiveCfg = Debug|Any CPU
		{795DA232-6083-48B6-9E49-17ED6A67E6AA}.Release|Any CPU.ActiveCfg = Release|Any CPU
		{795DA232-6083-48B6-9E49-17ED6A67E6AA}.Release|Any CPU.Build.0 = Release|Any CPU
		{795DA232-6083-48B6-9E49-17ED6A67E6AA}.Release|Mixed Platforms.ActiveCfg = Release|Any CPU
		{795DA232-6083-48B6-9E49-17ED6A67E6AA}.Release|x86.ActiveCfg = Release|Any CPU
		{795DA232-6083-48B6-9E49-17ED6A67E6AA}.SingleImage|Any CPU.ActiveCfg = Release|Any CPU
		{795DA232-6083-48B6-9E49-17ED6A67E6AA}.SingleImage|Any CPU.Build.0 = Release|Any CPU
		{795DA232-6083-48B6-9E49-17ED6A67E6AA}.SingleImage|Mixed Platforms.ActiveCfg = Release|Any CPU
		{795DA232-6083-48B6-9E49-17ED6A67E6AA}.SingleImage|Mixed Platforms.Build.0 = Release|Any CPU
		{795DA232-6083-48B6-9E49-17ED6A67E6AA}.SingleImage|x86.ActiveCfg = Release|Any CPU
		{035055B3-EEF0-4D5A-8240-FE22F894F6BE}.CD_ROM|Any CPU.ActiveCfg = Release|Any CPU
		{035055B3-EEF0-4D5A-8240-FE22F894F6BE}.CD_ROM|Any CPU.Build.0 = Release|Any CPU
		{035055B3-EEF0-4D5A-8240-FE22F894F6BE}.CD_ROM|Mixed Platforms.ActiveCfg = Release|Any CPU
		{035055B3-EEF0-4D5A-8240-FE22F894F6BE}.CD_ROM|Mixed Platforms.Build.0 = Release|Any CPU
		{035055B3-EEF0-4D5A-8240-FE22F894F6BE}.CD_ROM|x86.ActiveCfg = Release|Any CPU
		{035055B3-EEF0-4D5A-8240-FE22F894F6BE}.Debug|Any CPU.ActiveCfg = Debug|Any CPU
		{035055B3-EEF0-4D5A-8240-FE22F894F6BE}.Debug|Any CPU.Build.0 = Debug|Any CPU
		{035055B3-EEF0-4D5A-8240-FE22F894F6BE}.Debug|Mixed Platforms.ActiveCfg = Debug|Any CPU
		{035055B3-EEF0-4D5A-8240-FE22F894F6BE}.Debug|x86.ActiveCfg = Debug|Any CPU
		{035055B3-EEF0-4D5A-8240-FE22F894F6BE}.DVD-5|Any CPU.ActiveCfg = Debug|Any CPU
		{035055B3-EEF0-4D5A-8240-FE22F894F6BE}.DVD-5|Any CPU.Build.0 = Debug|Any CPU
		{035055B3-EEF0-4D5A-8240-FE22F894F6BE}.DVD-5|Mixed Platforms.ActiveCfg = Debug|Any CPU
		{035055B3-EEF0-4D5A-8240-FE22F894F6BE}.DVD-5|Mixed Platforms.Build.0 = Debug|Any CPU
		{035055B3-EEF0-4D5A-8240-FE22F894F6BE}.DVD-5|x86.ActiveCfg = Debug|Any CPU
		{035055B3-EEF0-4D5A-8240-FE22F894F6BE}.Release|Any CPU.ActiveCfg = Release|Any CPU
		{035055B3-EEF0-4D5A-8240-FE22F894F6BE}.Release|Any CPU.Build.0 = Release|Any CPU
		{035055B3-EEF0-4D5A-8240-FE22F894F6BE}.Release|Mixed Platforms.ActiveCfg = Release|Any CPU
		{035055B3-EEF0-4D5A-8240-FE22F894F6BE}.Release|x86.ActiveCfg = Release|Any CPU
		{035055B3-EEF0-4D5A-8240-FE22F894F6BE}.SingleImage|Any CPU.ActiveCfg = Release|Any CPU
		{035055B3-EEF0-4D5A-8240-FE22F894F6BE}.SingleImage|Any CPU.Build.0 = Release|Any CPU
		{035055B3-EEF0-4D5A-8240-FE22F894F6BE}.SingleImage|Mixed Platforms.ActiveCfg = Release|Any CPU
		{035055B3-EEF0-4D5A-8240-FE22F894F6BE}.SingleImage|Mixed Platforms.Build.0 = Release|Any CPU
		{035055B3-EEF0-4D5A-8240-FE22F894F6BE}.SingleImage|x86.ActiveCfg = Release|Any CPU
		{191EAC2A-9364-4E57-A3A7-386AEAC5CD43}.CD_ROM|Any CPU.ActiveCfg = Release|Any CPU
		{191EAC2A-9364-4E57-A3A7-386AEAC5CD43}.CD_ROM|Any CPU.Build.0 = Release|Any CPU
		{191EAC2A-9364-4E57-A3A7-386AEAC5CD43}.CD_ROM|Mixed Platforms.ActiveCfg = Release|Any CPU
		{191EAC2A-9364-4E57-A3A7-386AEAC5CD43}.CD_ROM|Mixed Platforms.Build.0 = Release|Any CPU
		{191EAC2A-9364-4E57-A3A7-386AEAC5CD43}.CD_ROM|x86.ActiveCfg = Release|Any CPU
		{191EAC2A-9364-4E57-A3A7-386AEAC5CD43}.Debug|Any CPU.ActiveCfg = Debug|Any CPU
		{191EAC2A-9364-4E57-A3A7-386AEAC5CD43}.Debug|Any CPU.Build.0 = Debug|Any CPU
		{191EAC2A-9364-4E57-A3A7-386AEAC5CD43}.Debug|Mixed Platforms.ActiveCfg = Debug|Any CPU
		{191EAC2A-9364-4E57-A3A7-386AEAC5CD43}.Debug|x86.ActiveCfg = Debug|Any CPU
		{191EAC2A-9364-4E57-A3A7-386AEAC5CD43}.DVD-5|Any CPU.ActiveCfg = Debug|Any CPU
		{191EAC2A-9364-4E57-A3A7-386AEAC5CD43}.DVD-5|Any CPU.Build.0 = Debug|Any CPU
		{191EAC2A-9364-4E57-A3A7-386AEAC5CD43}.DVD-5|Mixed Platforms.ActiveCfg = Debug|Any CPU
		{191EAC2A-9364-4E57-A3A7-386AEAC5CD43}.DVD-5|Mixed Platforms.Build.0 = Debug|Any CPU
		{191EAC2A-9364-4E57-A3A7-386AEAC5CD43}.DVD-5|x86.ActiveCfg = Debug|Any CPU
		{191EAC2A-9364-4E57-A3A7-386AEAC5CD43}.Release|Any CPU.ActiveCfg = Release|Any CPU
		{191EAC2A-9364-4E57-A3A7-386AEAC5CD43}.Release|Any CPU.Build.0 = Release|Any CPU
		{191EAC2A-9364-4E57-A3A7-386AEAC5CD43}.Release|Mixed Platforms.ActiveCfg = Release|Any CPU
		{191EAC2A-9364-4E57-A3A7-386AEAC5CD43}.Release|x86.ActiveCfg = Release|Any CPU
		{191EAC2A-9364-4E57-A3A7-386AEAC5CD43}.SingleImage|Any CPU.ActiveCfg = Release|Any CPU
		{191EAC2A-9364-4E57-A3A7-386AEAC5CD43}.SingleImage|Any CPU.Build.0 = Release|Any CPU
		{191EAC2A-9364-4E57-A3A7-386AEAC5CD43}.SingleImage|Mixed Platforms.ActiveCfg = Release|Any CPU
		{191EAC2A-9364-4E57-A3A7-386AEAC5CD43}.SingleImage|Mixed Platforms.Build.0 = Release|Any CPU
		{191EAC2A-9364-4E57-A3A7-386AEAC5CD43}.SingleImage|x86.ActiveCfg = Release|Any CPU
		{0659840A-E7FD-462B-B866-7DBF64841BC3}.CD_ROM|Any CPU.ActiveCfg = Release|Any CPU
		{0659840A-E7FD-462B-B866-7DBF64841BC3}.CD_ROM|Any CPU.Build.0 = Release|Any CPU
		{0659840A-E7FD-462B-B866-7DBF64841BC3}.CD_ROM|Mixed Platforms.ActiveCfg = Release|Any CPU
		{0659840A-E7FD-462B-B866-7DBF64841BC3}.CD_ROM|Mixed Platforms.Build.0 = Release|Any CPU
		{0659840A-E7FD-462B-B866-7DBF64841BC3}.CD_ROM|x86.ActiveCfg = Release|Any CPU
		{0659840A-E7FD-462B-B866-7DBF64841BC3}.Debug|Any CPU.ActiveCfg = Debug|Any CPU
		{0659840A-E7FD-462B-B866-7DBF64841BC3}.Debug|Any CPU.Build.0 = Debug|Any CPU
		{0659840A-E7FD-462B-B866-7DBF64841BC3}.Debug|Mixed Platforms.ActiveCfg = Debug|Any CPU
		{0659840A-E7FD-462B-B866-7DBF64841BC3}.Debug|x86.ActiveCfg = Debug|Any CPU
		{0659840A-E7FD-462B-B866-7DBF64841BC3}.DVD-5|Any CPU.ActiveCfg = Debug|Any CPU
		{0659840A-E7FD-462B-B866-7DBF64841BC3}.DVD-5|Any CPU.Build.0 = Debug|Any CPU
		{0659840A-E7FD-462B-B866-7DBF64841BC3}.DVD-5|Mixed Platforms.ActiveCfg = Debug|Any CPU
		{0659840A-E7FD-462B-B866-7DBF64841BC3}.DVD-5|Mixed Platforms.Build.0 = Debug|Any CPU
		{0659840A-E7FD-462B-B866-7DBF64841BC3}.DVD-5|x86.ActiveCfg = Debug|Any CPU
		{0659840A-E7FD-462B-B866-7DBF64841BC3}.Release|Any CPU.ActiveCfg = Release|Any CPU
		{0659840A-E7FD-462B-B866-7DBF64841BC3}.Release|Any CPU.Build.0 = Release|Any CPU
		{0659840A-E7FD-462B-B866-7DBF64841BC3}.Release|Mixed Platforms.ActiveCfg = Release|Any CPU
		{0659840A-E7FD-462B-B866-7DBF64841BC3}.Release|x86.ActiveCfg = Release|Any CPU
		{0659840A-E7FD-462B-B866-7DBF64841BC3}.SingleImage|Any CPU.ActiveCfg = Release|Any CPU
		{0659840A-E7FD-462B-B866-7DBF64841BC3}.SingleImage|Any CPU.Build.0 = Release|Any CPU
		{0659840A-E7FD-462B-B866-7DBF64841BC3}.SingleImage|Mixed Platforms.ActiveCfg = Release|Any CPU
		{0659840A-E7FD-462B-B866-7DBF64841BC3}.SingleImage|Mixed Platforms.Build.0 = Release|Any CPU
		{0659840A-E7FD-462B-B866-7DBF64841BC3}.SingleImage|x86.ActiveCfg = Release|Any CPU
		{CD8449E7-5DFF-4B4B-9CC4-E42B880ACCF8}.CD_ROM|Any CPU.ActiveCfg = Release|Any CPU
		{CD8449E7-5DFF-4B4B-9CC4-E42B880ACCF8}.CD_ROM|Any CPU.Build.0 = Release|Any CPU
		{CD8449E7-5DFF-4B4B-9CC4-E42B880ACCF8}.CD_ROM|Mixed Platforms.ActiveCfg = Release|Any CPU
		{CD8449E7-5DFF-4B4B-9CC4-E42B880ACCF8}.CD_ROM|Mixed Platforms.Build.0 = Release|Any CPU
		{CD8449E7-5DFF-4B4B-9CC4-E42B880ACCF8}.CD_ROM|x86.ActiveCfg = Release|Any CPU
		{CD8449E7-5DFF-4B4B-9CC4-E42B880ACCF8}.Debug|Any CPU.ActiveCfg = Debug|Any CPU
		{CD8449E7-5DFF-4B4B-9CC4-E42B880ACCF8}.Debug|Any CPU.Build.0 = Debug|Any CPU
		{CD8449E7-5DFF-4B4B-9CC4-E42B880ACCF8}.Debug|Mixed Platforms.ActiveCfg = Debug|Any CPU
		{CD8449E7-5DFF-4B4B-9CC4-E42B880ACCF8}.Debug|x86.ActiveCfg = Debug|Any CPU
		{CD8449E7-5DFF-4B4B-9CC4-E42B880ACCF8}.DVD-5|Any CPU.ActiveCfg = Debug|Any CPU
		{CD8449E7-5DFF-4B4B-9CC4-E42B880ACCF8}.DVD-5|Any CPU.Build.0 = Debug|Any CPU
		{CD8449E7-5DFF-4B4B-9CC4-E42B880ACCF8}.DVD-5|Mixed Platforms.ActiveCfg = Debug|Any CPU
		{CD8449E7-5DFF-4B4B-9CC4-E42B880ACCF8}.DVD-5|Mixed Platforms.Build.0 = Debug|Any CPU
		{CD8449E7-5DFF-4B4B-9CC4-E42B880ACCF8}.DVD-5|x86.ActiveCfg = Debug|Any CPU
		{CD8449E7-5DFF-4B4B-9CC4-E42B880ACCF8}.Release|Any CPU.ActiveCfg = Release|Any CPU
		{CD8449E7-5DFF-4B4B-9CC4-E42B880ACCF8}.Release|Any CPU.Build.0 = Release|Any CPU
		{CD8449E7-5DFF-4B4B-9CC4-E42B880ACCF8}.Release|Mixed Platforms.ActiveCfg = Release|Any CPU
		{CD8449E7-5DFF-4B4B-9CC4-E42B880ACCF8}.Release|x86.ActiveCfg = Release|Any CPU
		{CD8449E7-5DFF-4B4B-9CC4-E42B880ACCF8}.SingleImage|Any CPU.ActiveCfg = Release|Any CPU
		{CD8449E7-5DFF-4B4B-9CC4-E42B880ACCF8}.SingleImage|Any CPU.Build.0 = Release|Any CPU
		{CD8449E7-5DFF-4B4B-9CC4-E42B880ACCF8}.SingleImage|Mixed Platforms.ActiveCfg = Release|Any CPU
		{CD8449E7-5DFF-4B4B-9CC4-E42B880ACCF8}.SingleImage|Mixed Platforms.Build.0 = Release|Any CPU
		{CD8449E7-5DFF-4B4B-9CC4-E42B880ACCF8}.SingleImage|x86.ActiveCfg = Release|Any CPU
		{4CF5ECF2-439F-4538-818D-B6BCAE7652C7}.CD_ROM|Any CPU.ActiveCfg = CD_ROM
		{4CF5ECF2-439F-4538-818D-B6BCAE7652C7}.CD_ROM|Any CPU.Build.0 = CD_ROM
		{4CF5ECF2-439F-4538-818D-B6BCAE7652C7}.CD_ROM|Mixed Platforms.ActiveCfg = CD_ROM
		{4CF5ECF2-439F-4538-818D-B6BCAE7652C7}.CD_ROM|Mixed Platforms.Build.0 = CD_ROM
		{4CF5ECF2-439F-4538-818D-B6BCAE7652C7}.CD_ROM|x86.ActiveCfg = CD_ROM
		{4CF5ECF2-439F-4538-818D-B6BCAE7652C7}.CD_ROM|x86.Build.0 = CD_ROM
		{4CF5ECF2-439F-4538-818D-B6BCAE7652C7}.Debug|Any CPU.ActiveCfg = DVD-5
		{4CF5ECF2-439F-4538-818D-B6BCAE7652C7}.Debug|Any CPU.Build.0 = DVD-5
		{4CF5ECF2-439F-4538-818D-B6BCAE7652C7}.Debug|Mixed Platforms.ActiveCfg = DVD-5
		{4CF5ECF2-439F-4538-818D-B6BCAE7652C7}.Debug|Mixed Platforms.Build.0 = DVD-5
		{4CF5ECF2-439F-4538-818D-B6BCAE7652C7}.Debug|x86.ActiveCfg = DVD-5
		{4CF5ECF2-439F-4538-818D-B6BCAE7652C7}.Debug|x86.Build.0 = DVD-5
		{4CF5ECF2-439F-4538-818D-B6BCAE7652C7}.DVD-5|Any CPU.ActiveCfg = DVD-5
		{4CF5ECF2-439F-4538-818D-B6BCAE7652C7}.DVD-5|Any CPU.Build.0 = DVD-5
		{4CF5ECF2-439F-4538-818D-B6BCAE7652C7}.DVD-5|Mixed Platforms.ActiveCfg = DVD-5
		{4CF5ECF2-439F-4538-818D-B6BCAE7652C7}.DVD-5|Mixed Platforms.Build.0 = DVD-5
		{4CF5ECF2-439F-4538-818D-B6BCAE7652C7}.DVD-5|x86.ActiveCfg = DVD-5
		{4CF5ECF2-439F-4538-818D-B6BCAE7652C7}.DVD-5|x86.Build.0 = DVD-5
		{4CF5ECF2-439F-4538-818D-B6BCAE7652C7}.Release|Any CPU.ActiveCfg = SingleImage
		{4CF5ECF2-439F-4538-818D-B6BCAE7652C7}.Release|Any CPU.Build.0 = SingleImage
		{4CF5ECF2-439F-4538-818D-B6BCAE7652C7}.Release|Mixed Platforms.ActiveCfg = SingleImage
		{4CF5ECF2-439F-4538-818D-B6BCAE7652C7}.Release|Mixed Platforms.Build.0 = SingleImage
		{4CF5ECF2-439F-4538-818D-B6BCAE7652C7}.Release|x86.ActiveCfg = SingleImage
		{4CF5ECF2-439F-4538-818D-B6BCAE7652C7}.Release|x86.Build.0 = SingleImage
		{4CF5ECF2-439F-4538-818D-B6BCAE7652C7}.SingleImage|Any CPU.ActiveCfg = SingleImage
		{4CF5ECF2-439F-4538-818D-B6BCAE7652C7}.SingleImage|Any CPU.Build.0 = SingleImage
		{4CF5ECF2-439F-4538-818D-B6BCAE7652C7}.SingleImage|Mixed Platforms.ActiveCfg = SingleImage
		{4CF5ECF2-439F-4538-818D-B6BCAE7652C7}.SingleImage|Mixed Platforms.Build.0 = SingleImage
		{4CF5ECF2-439F-4538-818D-B6BCAE7652C7}.SingleImage|x86.ActiveCfg = SingleImage
		{4CF5ECF2-439F-4538-818D-B6BCAE7652C7}.SingleImage|x86.Build.0 = SingleImage
	EndGlobalSection
	GlobalSection(SolutionProperties) = preSolution
		HideSolutionNode = FALSE
	EndGlobalSection
	GlobalSection(NestedProjects) = preSolution
		{765C6085-7E12-4009-9E58-BCE2D49E8D99} = {BDA6FED0-6D31-47EF-BBFA-E587F0652812}
		{0659840A-E7FD-462B-B866-7DBF64841BC3} = {25C4F260-7271-442E-B567-5CC88DF8A672}
		{CD8449E7-5DFF-4B4B-9CC4-E42B880ACCF8} = {BDA6FED0-6D31-47EF-BBFA-E587F0652812}
	EndGlobalSection
EndGlobal
